
Microsoft Visual Studio Solution File, Format Version 12.00
# Visual Studio Version 17
VisualStudioVersion = 17.4.33205.214
MinimumVisualStudioVersion = 10.0.40219.1
Project("{FAE04EC0-301F-11D3-BF4B-00C04F79EFBC}") = "practicingLogics.Net", "practicingLogics.Net\practicingLogics.Net.csproj", "{17E424A8-ACCE-4900-85D8-5F8CEA297501}"
EndProject
Project("{FAE04EC0-301F-11D3-BF4B-00C04F79EFBC}") = "Exercises", "Exercises\Exercises.csproj", "{F72EE7CF-41F1-4340-AC13-17E2C908FAEE}"
EndProject
Project("{FAE04EC0-301F-11D3-BF4B-00C04F79EFBC}") = "Testes", "Testes\Testes.csproj", "{D357C05C-98C8-4CB5-A4A4-D5AF6D2CFD30}"
EndProject
Global
	GlobalSection(SolutionConfigurationPlatforms) = preSolution
		Debug|Any CPU = Debug|Any CPU
		Release|Any CPU = Release|Any CPU
	EndGlobalSection
	GlobalSection(ProjectConfigurationPlatforms) = postSolution
		{17E424A8-ACCE-4900-85D8-5F8CEA297501}.Debug|Any CPU.ActiveCfg = Debug|Any CPU
		{17E424A8-ACCE-4900-85D8-5F8CEA297501}.Debug|Any CPU.Build.0 = Debug|Any CPU
		{17E424A8-ACCE-4900-85D8-5F8CEA297501}.Release|Any CPU.ActiveCfg = Release|Any CPU
		{17E424A8-ACCE-4900-85D8-5F8CEA297501}.Release|Any CPU.Build.0 = Release|Any CPU
		{F72EE7CF-41F1-4340-AC13-17E2C908FAEE}.Debug|Any CPU.ActiveCfg = Debug|Any CPU
		{F72EE7CF-41F1-4340-AC13-17E2C908FAEE}.Debug|Any CPU.Build.0 = Debug|Any CPU
		{F72EE7CF-41F1-4340-AC13-17E2C908FAEE}.Release|Any CPU.ActiveCfg = Release|Any CPU
		{F72EE7CF-41F1-4340-AC13-17E2C908FAEE}.Release|Any CPU.Build.0 = Release|Any CPU
		{D357C05C-98C8-4CB5-A4A4-D5AF6D2CFD30}.Debug|Any CPU.ActiveCfg = Debug|Any CPU
		{D357C05C-98C8-4CB5-A4A4-D5AF6D2CFD30}.Debug|Any CPU.Build.0 = Debug|Any CPU
		{D357C05C-98C8-4CB5-A4A4-D5AF6D2CFD30}.Release|Any CPU.ActiveCfg = Release|Any CPU
		{D357C05C-98C8-4CB5-A4A4-D5AF6D2CFD30}.Release|Any CPU.Build.0 = Release|Any CPU
	EndGlobalSection
	GlobalSection(SolutionProperties) = preSolution
		HideSolutionNode = FALSE
	EndGlobalSection
	GlobalSection(ExtensibilityGlobals) = postSolution
		SolutionGuid = {8DCF251B-1E69-4670-AC33-D8A906362CD1}
	EndGlobalSection
EndGlobal
